
Microsoft Visual Studio Solution File, Format Version 12.00
# Visual Studio Version 16
VisualStudioVersion = 16.0.30621.155
MinimumVisualStudioVersion = 10.0.40219.1
Project("{FAE04EC0-301F-11D3-BF4B-00C04F79EFBC}") = "QQSDK", "QQSDK\QQSDK.csproj", "{364487AF-1372-4F49-80CC-5F943D1FD3C7}"
EndProject
Project("{FAE04EC0-301F-11D3-BF4B-00C04F79EFBC}") = "MainFormTest", "MainFormTest\MainFormTest.csproj", "{BA96D0B9-2C01-4DAE-8581-FFFAAF3E650E}"
EndProject
Global
	GlobalSection(SolutionConfigurationPlatforms) = preSolution
		Debug|Any CPU = Debug|Any CPU
		Release|Any CPU = Release|Any CPU
	EndGlobalSection
	GlobalSection(ProjectConfigurationPlatforms) = postSolution
		{364487AF-1372-4F49-80CC-5F943D1FD3C7}.Debug|Any CPU.ActiveCfg = Debug|Any CPU
		{364487AF-1372-4F49-80CC-5F943D1FD3C7}.Debug|Any CPU.Build.0 = Debug|Any CPU
		{364487AF-1372-4F49-80CC-5F943D1FD3C7}.Release|Any CPU.ActiveCfg = Release|Any CPU
		{364487AF-1372-4F49-80CC-5F943D1FD3C7}.Release|Any CPU.Build.0 = Release|Any CPU
		{BA96D0B9-2C01-4DAE-8581-FFFAAF3E650E}.Debug|Any CPU.ActiveCfg = Debug|Any CPU
		{BA96D0B9-2C01-4DAE-8581-FFFAAF3E650E}.Debug|Any CPU.Build.0 = Debug|Any CPU
		{BA96D0B9-2C01-4DAE-8581-FFFAAF3E650E}.Release|Any CPU.ActiveCfg = Release|Any CPU
		{BA96D0B9-2C01-4DAE-8581-FFFAAF3E650E}.Release|Any CPU.Build.0 = Release|Any CPU
	EndGlobalSection
	GlobalSection(SolutionProperties) = preSolution
		HideSolutionNode = FALSE
	EndGlobalSection
	GlobalSection(ExtensibilityGlobals) = postSolution
		SolutionGuid = {7B3B0360-4756-4AEC-AC99-DC8AEF3D0DD5}
	EndGlobalSection
EndGlobal
